
Microsoft Visual Studio Solution File, Format Version 12.00
# Visual Studio 14
VisualStudioVersion = 14.0.25420.1
MinimumVisualStudioVersion = 10.0.40219.1
Project("{8BC9CEB8-8B4A-11D0-8D11-00A0C91BC942}") = "Core", "Core\Core.vcxproj", "{30FA87F8-5FA2-4481-9A63-34F5179A66B7}"
EndProject
Project("{8BC9CEB8-8B4A-11D0-8D11-00A0C91BC942}") = "HelloEngine", "HelloEngine\HelloEngine.vcxproj", "{EFEE1FCA-5027-40DE-AB6F-B8DD0E8A1872}"
EndProject
Project("{2150E333-8FDC-42A3-9474-1A3956D46DE8}") = "App", "App", "{EDA09E2D-E0FC-40EC-8849-9D0AE97270D9}"
EndProject
Project("{2150E333-8FDC-42A3-9474-1A3956D46DE8}") = "Engine", "Engine", "{F9D4A055-863F-450A-9D8E-829FC88EF649}"
EndProject
Project("{8BC9CEB8-8B4A-11D0-8D11-00A0C91BC942}") = "HelloTriangle", "HelloTriangle\HelloTriangle.vcxproj", "{8E6BB495-75A4-4FD2-B855-A18024FD128B}"
EndProject
Project("{8BC9CEB8-8B4A-11D0-8D11-00A0C91BC942}") = "Graphics", "Graphics\Graphics.vcxproj", "{ABB6F4CF-01EE-4399-A516-19EEE4D7A793}"
EndProject
Project("{8BC9CEB8-8B4A-11D0-8D11-00A0C91BC942}") = "Math", "Math\Math.vcxproj", "{F1226A38-46BD-4AD5-8685-7EF414630C0A}"
EndProject
Project("{8BC9CEB8-8B4A-11D0-8D11-00A0C91BC942}") = "Input", "Input\Input.vcxproj", "{B59B13AC-60BF-4100-97D6-23C26C724D7F}"
EndProject
Project("{8BC9CEB8-8B4A-11D0-8D11-00A0C91BC942}") = "Game", "Game\Game.vcxproj", "{69CD4682-A468-41C8-8BAE-D948F8445986}"
EndProject
Project("{2150E333-8FDC-42A3-9474-1A3956D46DE8}") = "External", "External", "{7C6D1CFA-C5BC-4FCB-956C-0780977996FD}"
EndProject
Project("{8BC9CEB8-8B4A-11D0-8D11-00A0C91BC942}") = "DirectXTK_Desktop_2015", "External\DirectXTK\DirectXTK_Desktop_2015.vcxproj", "{E0B52AE7-E160-4D32-BF3F-910B785E5A8E}"
EndProject
Project("{8BC9CEB8-8B4A-11D0-8D11-00A0C91BC942}") = "HelloLight", "HelloLight\HelloLight.vcxproj", "{92FF2A6D-74B5-4B31-A975-39AD220E2C05}"
EndProject
Project("{2150E333-8FDC-42A3-9474-1A3956D46DE8}") = "Tools", "Tools", "{7814B974-0038-409C-ABA1-2AA27F0ECBBA}"
EndProject
Project("{8BC9CEB8-8B4A-11D0-8D11-00A0C91BC942}") = "ModelImporter", "Tools\ModelImporter\ModelImporter.vcxproj", "{608A130C-2D7D-4A44-BD33-463E6F497491}"
EndProject
Project("{8BC9CEB8-8B4A-11D0-8D11-00A0C91BC942}") = "HelloDemo", "HelloDemo\HelloDemo.vcxproj", "{FEF5CBDB-49DD-4132-A786-FCA5A17B8824}"
EndProject
Project("{8BC9CEB8-8B4A-11D0-8D11-00A0C91BC942}") = "HelloEarth", "HelloEarth\HelloEarth.vcxproj", "{118DBA20-76A0-4F28-8F90-27DECD425EA1}"
EndProject
Project("{8BC9CEB8-8B4A-11D0-8D11-00A0C91BC942}") = "HelloPicking", "HelloPicking\HelloPicking.vcxproj", "{3E16D2AE-719B-45AF-98CB-EE6A2DD09BA6}"
EndProject
Project("{8BC9CEB8-8B4A-11D0-8D11-00A0C91BC942}") = "HelloPostProcessing", "HelloPostProcessing\HelloPostProcessing.vcxproj", "{9B82A368-F59E-4B6F-B854-B99DB2CA1F0E}"
EndProject
Project("{8BC9CEB8-8B4A-11D0-8D11-00A0C91BC942}") = "HelloToonShading", "HelloToonShading\HelloToonShading.vcxproj", "{52500214-B602-4DF6-80AB-B7E3044FF930}"
EndProject
Project("{8BC9CEB8-8B4A-11D0-8D11-00A0C91BC942}") = "HelloCube", "HelloCube\HelloCube.vcxproj", "{67819E24-1312-4477-A828-04CE35624B97}"
EndProject
Project("{8BC9CEB8-8B4A-11D0-8D11-00A0C91BC942}") = "HelloBillboard", "HelloBillboard\HelloBillboard.vcxproj", "{57006A64-5A4E-4F77-8D2E-F036D0860D28}"
EndProject
Project("{8BC9CEB8-8B4A-11D0-8D11-00A0C91BC942}") = "HelloAmbientOcclusion", "HelloAmbientOcclusion\HelloAmbientOcclusion.vcxproj", "{1CD6A073-4AB4-4C5F-B98B-5864F48A647A}"
EndProject
Project("{8BC9CEB8-8B4A-11D0-8D11-00A0C91BC942}") = "HelloAnimation", "HelloAnimation\HelloAnimation.vcxproj", "{3053A9E6-F9D3-4213-BB91-18951C84AF06}"
EndProject
Project("{8BC9CEB8-8B4A-11D0-8D11-00A0C91BC942}") = "Physics", "Physics\Physics.vcxproj", "{52E998E7-BCE7-46EA-835F-59906E844F73}"
EndProject
Project("{8BC9CEB8-8B4A-11D0-8D11-00A0C91BC942}") = "HelloPhysics", "HelloPhysics\HelloPhysics.vcxproj", "{41900EA6-4434-4E30-8169-2072E9C1E300}"
EndProject
Global
	GlobalSection(SolutionConfigurationPlatforms) = preSolution
		Debug|x64 = Debug|x64
		Debug|x86 = Debug|x86
		Release|x64 = Release|x64
		Release|x86 = Release|x86
	EndGlobalSection
	GlobalSection(ProjectConfigurationPlatforms) = postSolution
		{30FA87F8-5FA2-4481-9A63-34F5179A66B7}.Debug|x64.ActiveCfg = Debug|x64
		{30FA87F8-5FA2-4481-9A63-34F5179A66B7}.Debug|x64.Build.0 = Debug|x64
		{30FA87F8-5FA2-4481-9A63-34F5179A66B7}.Debug|x86.ActiveCfg = Debug|Win32
		{30FA87F8-5FA2-4481-9A63-34F5179A66B7}.Debug|x86.Build.0 = Debug|Win32
		{30FA87F8-5FA2-4481-9A63-34F5179A66B7}.Release|x64.ActiveCfg = Release|x64
		{30FA87F8-5FA2-4481-9A63-34F5179A66B7}.Release|x64.Build.0 = Release|x64
		{30FA87F8-5FA2-4481-9A63-34F5179A66B7}.Release|x86.ActiveCfg = Release|Win32
		{30FA87F8-5FA2-4481-9A63-34F5179A66B7}.Release|x86.Build.0 = Release|Win32
		{EFEE1FCA-5027-40DE-AB6F-B8DD0E8A1872}.Debug|x64.ActiveCfg = Debug|x64
		{EFEE1FCA-5027-40DE-AB6F-B8DD0E8A1872}.Debug|x64.Build.0 = Debug|x64
		{EFEE1FCA-5027-40DE-AB6F-B8DD0E8A1872}.Debug|x86.ActiveCfg = Debug|Win32
		{EFEE1FCA-5027-40DE-AB6F-B8DD0E8A1872}.Debug|x86.Build.0 = Debug|Win32
		{EFEE1FCA-5027-40DE-AB6F-B8DD0E8A1872}.Release|x64.ActiveCfg = Release|x64
		{EFEE1FCA-5027-40DE-AB6F-B8DD0E8A1872}.Release|x64.Build.0 = Release|x64
		{EFEE1FCA-5027-40DE-AB6F-B8DD0E8A1872}.Release|x86.ActiveCfg = Release|Win32
		{EFEE1FCA-5027-40DE-AB6F-B8DD0E8A1872}.Release|x86.Build.0 = Release|Win32
		{8E6BB495-75A4-4FD2-B855-A18024FD128B}.Debug|x64.ActiveCfg = Debug|x64
		{8E6BB495-75A4-4FD2-B855-A18024FD128B}.Debug|x64.Build.0 = Debug|x64
		{8E6BB495-75A4-4FD2-B855-A18024FD128B}.Debug|x86.ActiveCfg = Debug|Win32
		{8E6BB495-75A4-4FD2-B855-A18024FD128B}.Debug|x86.Build.0 = Debug|Win32
		{8E6BB495-75A4-4FD2-B855-A18024FD128B}.Release|x64.ActiveCfg = Release|x64
		{8E6BB495-75A4-4FD2-B855-A18024FD128B}.Release|x64.Build.0 = Release|x64
		{8E6BB495-75A4-4FD2-B855-A18024FD128B}.Release|x86.ActiveCfg = Release|Win32
		{8E6BB495-75A4-4FD2-B855-A18024FD128B}.Release|x86.Build.0 = Release|Win32
		{ABB6F4CF-01EE-4399-A516-19EEE4D7A793}.Debug|x64.ActiveCfg = Debug|x64
		{ABB6F4CF-01EE-4399-A516-19EEE4D7A793}.Debug|x64.Build.0 = Debug|x64
		{ABB6F4CF-01EE-4399-A516-19EEE4D7A793}.Debug|x86.ActiveCfg = Debug|Win32
		{ABB6F4CF-01EE-4399-A516-19EEE4D7A793}.Debug|x86.Build.0 = Debug|Win32
		{ABB6F4CF-01EE-4399-A516-19EEE4D7A793}.Release|x64.ActiveCfg = Release|x64
		{ABB6F4CF-01EE-4399-A516-19EEE4D7A793}.Release|x64.Build.0 = Release|x64
		{ABB6F4CF-01EE-4399-A516-19EEE4D7A793}.Release|x86.ActiveCfg = Release|Win32
		{ABB6F4CF-01EE-4399-A516-19EEE4D7A793}.Release|x86.Build.0 = Release|Win32
		{F1226A38-46BD-4AD5-8685-7EF414630C0A}.Debug|x64.ActiveCfg = Debug|x64
		{F1226A38-46BD-4AD5-8685-7EF414630C0A}.Debug|x64.Build.0 = Debug|x64
		{F1226A38-46BD-4AD5-8685-7EF414630C0A}.Debug|x86.ActiveCfg = Debug|Win32
		{F1226A38-46BD-4AD5-8685-7EF414630C0A}.Debug|x86.Build.0 = Debug|Win32
		{F1226A38-46BD-4AD5-8685-7EF414630C0A}.Release|x64.ActiveCfg = Release|x64
		{F1226A38-46BD-4AD5-8685-7EF414630C0A}.Release|x64.Build.0 = Release|x64
		{F1226A38-46BD-4AD5-8685-7EF414630C0A}.Release|x86.ActiveCfg = Release|Win32
		{F1226A38-46BD-4AD5-8685-7EF414630C0A}.Release|x86.Build.0 = Release|Win32
		{B59B13AC-60BF-4100-97D6-23C26C724D7F}.Debug|x64.ActiveCfg = Debug|x64
		{B59B13AC-60BF-4100-97D6-23C26C724D7F}.Debug|x64.Build.0 = Debug|x64
		{B59B13AC-60BF-4100-97D6-23C26C724D7F}.Debug|x86.ActiveCfg = Debug|Win32
		{B59B13AC-60BF-4100-97D6-23C26C724D7F}.Debug|x86.Build.0 = Debug|Win32
		{B59B13AC-60BF-4100-97D6-23C26C724D7F}.Release|x64.ActiveCfg = Release|x64
		{B59B13AC-60BF-4100-97D6-23C26C724D7F}.Release|x64.Build.0 = Release|x64
		{B59B13AC-60BF-4100-97D6-23C26C724D7F}.Release|x86.ActiveCfg = Release|Win32
		{B59B13AC-60BF-4100-97D6-23C26C724D7F}.Release|x86.Build.0 = Release|Win32
		{69CD4682-A468-41C8-8BAE-D948F8445986}.Debug|x64.ActiveCfg = Debug|x64
		{69CD4682-A468-41C8-8BAE-D948F8445986}.Debug|x64.Build.0 = Debug|x64
		{69CD4682-A468-41C8-8BAE-D948F8445986}.Debug|x86.ActiveCfg = Debug|Win32
		{69CD4682-A468-41C8-8BAE-D948F8445986}.Debug|x86.Build.0 = Debug|Win32
		{69CD4682-A468-41C8-8BAE-D948F8445986}.Release|x64.ActiveCfg = Release|x64
		{69CD4682-A468-41C8-8BAE-D948F8445986}.Release|x64.Build.0 = Release|x64
		{69CD4682-A468-41C8-8BAE-D948F8445986}.Release|x86.ActiveCfg = Release|Win32
		{69CD4682-A468-41C8-8BAE-D948F8445986}.Release|x86.Build.0 = Release|Win32
		{E0B52AE7-E160-4D32-BF3F-910B785E5A8E}.Debug|x64.ActiveCfg = Debug|x64
		{E0B52AE7-E160-4D32-BF3F-910B785E5A8E}.Debug|x64.Build.0 = Debug|x64
		{E0B52AE7-E160-4D32-BF3F-910B785E5A8E}.Debug|x86.ActiveCfg = Debug|Win32
		{E0B52AE7-E160-4D32-BF3F-910B785E5A8E}.Debug|x86.Build.0 = Debug|Win32
		{E0B52AE7-E160-4D32-BF3F-910B785E5A8E}.Release|x64.ActiveCfg = Release|x64
		{E0B52AE7-E160-4D32-BF3F-910B785E5A8E}.Release|x64.Build.0 = Release|x64
		{E0B52AE7-E160-4D32-BF3F-910B785E5A8E}.Release|x86.ActiveCfg = Release|Win32
		{E0B52AE7-E160-4D32-BF3F-910B785E5A8E}.Release|x86.Build.0 = Release|Win32
		{92FF2A6D-74B5-4B31-A975-39AD220E2C05}.Debug|x64.ActiveCfg = Debug|x64
		{92FF2A6D-74B5-4B31-A975-39AD220E2C05}.Debug|x64.Build.0 = Debug|x64
		{92FF2A6D-74B5-4B31-A975-39AD220E2C05}.Debug|x86.ActiveCfg = Debug|Win32
		{92FF2A6D-74B5-4B31-A975-39AD220E2C05}.Debug|x86.Build.0 = Debug|Win32
		{92FF2A6D-74B5-4B31-A975-39AD220E2C05}.Release|x64.ActiveCfg = Release|x64
		{92FF2A6D-74B5-4B31-A975-39AD220E2C05}.Release|x64.Build.0 = Release|x64
		{92FF2A6D-74B5-4B31-A975-39AD220E2C05}.Release|x86.ActiveCfg = Release|Win32
		{92FF2A6D-74B5-4B31-A975-39AD220E2C05}.Release|x86.Build.0 = Release|Win32
		{608A130C-2D7D-4A44-BD33-463E6F497491}.Debug|x64.ActiveCfg = Debug|x64
		{608A130C-2D7D-4A44-BD33-463E6F497491}.Debug|x64.Build.0 = Debug|x64
		{608A130C-2D7D-4A44-BD33-463E6F497491}.Debug|x86.ActiveCfg = Debug|Win32
		{608A130C-2D7D-4A44-BD33-463E6F497491}.Debug|x86.Build.0 = Debug|Win32
		{608A130C-2D7D-4A44-BD33-463E6F497491}.Release|x64.ActiveCfg = Release|x64
		{608A130C-2D7D-4A44-BD33-463E6F497491}.Release|x64.Build.0 = Release|x64
		{608A130C-2D7D-4A44-BD33-463E6F497491}.Release|x86.ActiveCfg = Release|Win32
		{608A130C-2D7D-4A44-BD33-463E6F497491}.Release|x86.Build.0 = Release|Win32
		{FEF5CBDB-49DD-4132-A786-FCA5A17B8824}.Debug|x64.ActiveCfg = Debug|x64
		{FEF5CBDB-49DD-4132-A786-FCA5A17B8824}.Debug|x64.Build.0 = Debug|x64
		{FEF5CBDB-49DD-4132-A786-FCA5A17B8824}.Debug|x86.ActiveCfg = Debug|Win32
		{FEF5CBDB-49DD-4132-A786-FCA5A17B8824}.Debug|x86.Build.0 = Debug|Win32
		{FEF5CBDB-49DD-4132-A786-FCA5A17B8824}.Release|x64.ActiveCfg = Release|x64
		{FEF5CBDB-49DD-4132-A786-FCA5A17B8824}.Release|x64.Build.0 = Release|x64
		{FEF5CBDB-49DD-4132-A786-FCA5A17B8824}.Release|x86.ActiveCfg = Release|Win32
		{FEF5CBDB-49DD-4132-A786-FCA5A17B8824}.Release|x86.Build.0 = Release|Win32
		{118DBA20-76A0-4F28-8F90-27DECD425EA1}.Debug|x64.ActiveCfg = Debug|x64
		{118DBA20-76A0-4F28-8F90-27DECD425EA1}.Debug|x64.Build.0 = Debug|x64
		{118DBA20-76A0-4F28-8F90-27DECD425EA1}.Debug|x86.ActiveCfg = Debug|Win32
		{118DBA20-76A0-4F28-8F90-27DECD425EA1}.Debug|x86.Build.0 = Debug|Win32
		{118DBA20-76A0-4F28-8F90-27DECD425EA1}.Release|x64.ActiveCfg = Release|x64
		{118DBA20-76A0-4F28-8F90-27DECD425EA1}.Release|x64.Build.0 = Release|x64
		{118DBA20-76A0-4F28-8F90-27DECD425EA1}.Release|x86.ActiveCfg = Release|Win32
		{118DBA20-76A0-4F28-8F90-27DECD425EA1}.Release|x86.Build.0 = Release|Win32
		{3E16D2AE-719B-45AF-98CB-EE6A2DD09BA6}.Debug|x64.ActiveCfg = Debug|x64
		{3E16D2AE-719B-45AF-98CB-EE6A2DD09BA6}.Debug|x64.Build.0 = Debug|x64
		{3E16D2AE-719B-45AF-98CB-EE6A2DD09BA6}.Debug|x86.ActiveCfg = Debug|Win32
		{3E16D2AE-719B-45AF-98CB-EE6A2DD09BA6}.Debug|x86.Build.0 = Debug|Win32
		{3E16D2AE-719B-45AF-98CB-EE6A2DD09BA6}.Release|x64.ActiveCfg = Release|x64
		{3E16D2AE-719B-45AF-98CB-EE6A2DD09BA6}.Release|x64.Build.0 = Release|x64
		{3E16D2AE-719B-45AF-98CB-EE6A2DD09BA6}.Release|x86.ActiveCfg = Release|Win32
		{3E16D2AE-719B-45AF-98CB-EE6A2DD09BA6}.Release|x86.Build.0 = Release|Win32
		{9B82A368-F59E-4B6F-B854-B99DB2CA1F0E}.Debug|x64.ActiveCfg = Debug|x64
		{9B82A368-F59E-4B6F-B854-B99DB2CA1F0E}.Debug|x64.Build.0 = Debug|x64
		{9B82A368-F59E-4B6F-B854-B99DB2CA1F0E}.Debug|x86.ActiveCfg = Debug|Win32
		{9B82A368-F59E-4B6F-B854-B99DB2CA1F0E}.Debug|x86.Build.0 = Debug|Win32
		{9B82A368-F59E-4B6F-B854-B99DB2CA1F0E}.Release|x64.ActiveCfg = Release|x64
		{9B82A368-F59E-4B6F-B854-B99DB2CA1F0E}.Release|x64.Build.0 = Release|x64
		{9B82A368-F59E-4B6F-B854-B99DB2CA1F0E}.Release|x86.ActiveCfg = Release|Win32
		{9B82A368-F59E-4B6F-B854-B99DB2CA1F0E}.Release|x86.Build.0 = Release|Win32
		{52500214-B602-4DF6-80AB-B7E3044FF930}.Debug|x64.ActiveCfg = Debug|x64
		{52500214-B602-4DF6-80AB-B7E3044FF930}.Debug|x64.Build.0 = Debug|x64
		{52500214-B602-4DF6-80AB-B7E3044FF930}.Debug|x86.ActiveCfg = Debug|Win32
		{52500214-B602-4DF6-80AB-B7E3044FF930}.Debug|x86.Build.0 = Debug|Win32
		{52500214-B602-4DF6-80AB-B7E3044FF930}.Release|x64.ActiveCfg = Release|x64
		{52500214-B602-4DF6-80AB-B7E3044FF930}.Release|x64.Build.0 = Release|x64
		{52500214-B602-4DF6-80AB-B7E3044FF930}.Release|x86.ActiveCfg = Release|Win32
		{52500214-B602-4DF6-80AB-B7E3044FF930}.Release|x86.Build.0 = Release|Win32
		{67819E24-1312-4477-A828-04CE35624B97}.Debug|x64.ActiveCfg = Debug|x64
		{67819E24-1312-4477-A828-04CE35624B97}.Debug|x64.Build.0 = Debug|x64
		{67819E24-1312-4477-A828-04CE35624B97}.Debug|x86.ActiveCfg = Debug|Win32
		{67819E24-1312-4477-A828-04CE35624B97}.Debug|x86.Build.0 = Debug|Win32
		{67819E24-1312-4477-A828-04CE35624B97}.Release|x64.ActiveCfg = Release|x64
		{67819E24-1312-4477-A828-04CE35624B97}.Release|x64.Build.0 = Release|x64
		{67819E24-1312-4477-A828-04CE35624B97}.Release|x86.ActiveCfg = Release|Win32
		{67819E24-1312-4477-A828-04CE35624B97}.Release|x86.Build.0 = Release|Win32
		{57006A64-5A4E-4F77-8D2E-F036D0860D28}.Debug|x64.ActiveCfg = Debug|x64
		{57006A64-5A4E-4F77-8D2E-F036D0860D28}.Debug|x64.Build.0 = Debug|x64
		{57006A64-5A4E-4F77-8D2E-F036D0860D28}.Debug|x86.ActiveCfg = Debug|Win32
		{57006A64-5A4E-4F77-8D2E-F036D0860D28}.Debug|x86.Build.0 = Debug|Win32
		{57006A64-5A4E-4F77-8D2E-F036D0860D28}.Release|x64.ActiveCfg = Release|x64
		{57006A64-5A4E-4F77-8D2E-F036D0860D28}.Release|x64.Build.0 = Release|x64
		{57006A64-5A4E-4F77-8D2E-F036D0860D28}.Release|x86.ActiveCfg = Release|Win32
		{57006A64-5A4E-4F77-8D2E-F036D0860D28}.Release|x86.Build.0 = Release|Win32
		{1CD6A073-4AB4-4C5F-B98B-5864F48A647A}.Debug|x64.ActiveCfg = Debug|x64
		{1CD6A073-4AB4-4C5F-B98B-5864F48A647A}.Debug|x64.Build.0 = Debug|x64
		{1CD6A073-4AB4-4C5F-B98B-5864F48A647A}.Debug|x86.ActiveCfg = Debug|Win32
		{1CD6A073-4AB4-4C5F-B98B-5864F48A647A}.Debug|x86.Build.0 = Debug|Win32
		{1CD6A073-4AB4-4C5F-B98B-5864F48A647A}.Release|x64.ActiveCfg = Release|x64
		{1CD6A073-4AB4-4C5F-B98B-5864F48A647A}.Release|x64.Build.0 = Release|x64
		{1CD6A073-4AB4-4C5F-B98B-5864F48A647A}.Release|x86.ActiveCfg = Release|Win32
		{1CD6A073-4AB4-4C5F-B98B-5864F48A647A}.Release|x86.Build.0 = Release|Win32
		{3053A9E6-F9D3-4213-BB91-18951C84AF06}.Debug|x64.ActiveCfg = Debug|x64
		{3053A9E6-F9D3-4213-BB91-18951C84AF06}.Debug|x64.Build.0 = Debug|x64
		{3053A9E6-F9D3-4213-BB91-18951C84AF06}.Debug|x86.ActiveCfg = Debug|Win32
		{3053A9E6-F9D3-4213-BB91-18951C84AF06}.Debug|x86.Build.0 = Debug|Win32
		{3053A9E6-F9D3-4213-BB91-18951C84AF06}.Release|x64.ActiveCfg = Release|x64
		{3053A9E6-F9D3-4213-BB91-18951C84AF06}.Release|x64.Build.0 = Release|x64
		{3053A9E6-F9D3-4213-BB91-18951C84AF06}.Release|x86.ActiveCfg = Release|Win32
		{3053A9E6-F9D3-4213-BB91-18951C84AF06}.Release|x86.Build.0 = Release|Win32
		{52E998E7-BCE7-46EA-835F-59906E844F73}.Debug|x64.ActiveCfg = Debug|x64
		{52E998E7-BCE7-46EA-835F-59906E844F73}.Debug|x64.Build.0 = Debug|x64
		{52E998E7-BCE7-46EA-835F-59906E844F73}.Debug|x86.ActiveCfg = Debug|Win32
		{52E998E7-BCE7-46EA-835F-59906E844F73}.Debug|x86.Build.0 = Debug|Win32
		{52E998E7-BCE7-46EA-835F-59906E844F73}.Release|x64.ActiveCfg = Release|x64
		{52E998E7-BCE7-46EA-835F-59906E844F73}.Release|x64.Build.0 = Release|x64
		{52E998E7-BCE7-46EA-835F-59906E844F73}.Release|x86.ActiveCfg = Release|Win32
		{52E998E7-BCE7-46EA-835F-59906E844F73}.Release|x86.Build.0 = Release|Win32
		{41900EA6-4434-4E30-8169-2072E9C1E300}.Debug|x64.ActiveCfg = Debug|x64
		{41900EA6-4434-4E30-8169-2072E9C1E300}.Debug|x64.Build.0 = Debug|x64
		{41900EA6-4434-4E30-8169-2072E9C1E300}.Debug|x86.ActiveCfg = Debug|Win32
		{41900EA6-4434-4E30-8169-2072E9C1E300}.Debug|x86.Build.0 = Debug|Win32
		{41900EA6-4434-4E30-8169-2072E9C1E300}.Release|x64.ActiveCfg = Release|x64
		{41900EA6-4434-4E30-8169-2072E9C1E300}.Release|x64.Build.0 = Release|x64
		{41900EA6-4434-4E30-8169-2072E9C1E300}.Release|x86.ActiveCfg = Release|Win32
		{41900EA6-4434-4E30-8169-2072E9C1E300}.Release|x86.Build.0 = Release|Win32
	EndGlobalSection
	GlobalSection(SolutionProperties) = preSolution
		HideSolutionNode = FALSE
	EndGlobalSection
	GlobalSection(NestedProjects) = preSolution
		{30FA87F8-5FA2-4481-9A63-34F5179A66B7} = {F9D4A055-863F-450A-9D8E-829FC88EF649}
		{EFEE1FCA-5027-40DE-AB6F-B8DD0E8A1872} = {EDA09E2D-E0FC-40EC-8849-9D0AE97270D9}
		{8E6BB495-75A4-4FD2-B855-A18024FD128B} = {EDA09E2D-E0FC-40EC-8849-9D0AE97270D9}
		{ABB6F4CF-01EE-4399-A516-19EEE4D7A793} = {F9D4A055-863F-450A-9D8E-829FC88EF649}
		{F1226A38-46BD-4AD5-8685-7EF414630C0A} = {F9D4A055-863F-450A-9D8E-829FC88EF649}
		{B59B13AC-60BF-4100-97D6-23C26C724D7F} = {F9D4A055-863F-450A-9D8E-829FC88EF649}
		{69CD4682-A468-41C8-8BAE-D948F8445986} = {EDA09E2D-E0FC-40EC-8849-9D0AE97270D9}
		{E0B52AE7-E160-4D32-BF3F-910B785E5A8E} = {7C6D1CFA-C5BC-4FCB-956C-0780977996FD}
		{92FF2A6D-74B5-4B31-A975-39AD220E2C05} = {EDA09E2D-E0FC-40EC-8849-9D0AE97270D9}
		{608A130C-2D7D-4A44-BD33-463E6F497491} = {7814B974-0038-409C-ABA1-2AA27F0ECBBA}
		{FEF5CBDB-49DD-4132-A786-FCA5A17B8824} = {EDA09E2D-E0FC-40EC-8849-9D0AE97270D9}
		{118DBA20-76A0-4F28-8F90-27DECD425EA1} = {EDA09E2D-E0FC-40EC-8849-9D0AE97270D9}
		{3E16D2AE-719B-45AF-98CB-EE6A2DD09BA6} = {EDA09E2D-E0FC-40EC-8849-9D0AE97270D9}
		{9B82A368-F59E-4B6F-B854-B99DB2CA1F0E} = {EDA09E2D-E0FC-40EC-8849-9D0AE97270D9}
		{52500214-B602-4DF6-80AB-B7E3044FF930} = {EDA09E2D-E0FC-40EC-8849-9D0AE97270D9}
		{67819E24-1312-4477-A828-04CE35624B97} = {EDA09E2D-E0FC-40EC-8849-9D0AE97270D9}
		{57006A64-5A4E-4F77-8D2E-F036D0860D28} = {EDA09E2D-E0FC-40EC-8849-9D0AE97270D9}
		{1CD6A073-4AB4-4C5F-B98B-5864F48A647A} = {EDA09E2D-E0FC-40EC-8849-9D0AE97270D9}
		{3053A9E6-F9D3-4213-BB91-18951C84AF06} = {EDA09E2D-E0FC-40EC-8849-9D0AE97270D9}
		{52E998E7-BCE7-46EA-835F-59906E844F73} = {F9D4A055-863F-450A-9D8E-829FC88EF649}
		{41900EA6-4434-4E30-8169-2072E9C1E300} = {EDA09E2D-E0FC-40EC-8849-9D0AE97270D9}
	EndGlobalSection
EndGlobal
